# This file is automatically @generated by Cargo.
# It is not intended for manual editing.
version = 4

[[package]]
name = "ql-ast"
version = "0.1.0"
dependencies = [
 "ql-span",
]

[[package]]
name = "ql-cli"
version = "0.1.0"
dependencies = [
 "ql-fmt",
 "ql-parser",
 "ql-span",
]

[[package]]
name = "ql-fmt"
version = "0.1.0"
dependencies = [
 "ql-ast",
 "ql-lexer",
 "ql-parser",
]

[[package]]
name = "ql-lexer"
version = "0.1.0"
dependencies = [
 "ql-span",
]

[[package]]
name = "ql-parser"
version = "0.1.0"
dependencies = [
 "ql-ast",
 "ql-lexer",
 "ql-span",
]

[[package]]
name = "ql-span"
version = "0.1.0"
